
Microsoft Visual Studio Solution File, Format Version 10.00
# Visual Studio 2008
Project("{FAE04EC0-301F-11D3-BF4B-00C04F79EFBC}") = "utils_db2", "utils_db2\utils_db2.csproj", "{F7544CA2-2B4E-4B2D-9670-E14C502EE6E4}"
EndProject
Project("{FAE04EC0-301F-11D3-BF4B-00C04F79EFBC}") = "TechSupport-Utilities", "TechSupport-Utilities\TechSupport-Utilities.csproj", "{EA4B5FB0-9127-4CA9-A810-E2292561633B}"
EndProject
Global
	GlobalSection(SolutionConfigurationPlatforms) = preSolution
		Debug|Any CPU = Debug|Any CPU
		Debug|Mixed Platforms = Debug|Mixed Platforms
		Debug|Pocket PC 2003 (ARMV4) = Debug|Pocket PC 2003 (ARMV4)
		Release|Any CPU = Release|Any CPU
		Release|Mixed Platforms = Release|Mixed Platforms
		Release|Pocket PC 2003 (ARMV4) = Release|Pocket PC 2003 (ARMV4)
	EndGlobalSection
	GlobalSection(ProjectConfigurationPlatforms) = postSolution
		{F7544CA2-2B4E-4B2D-9670-E14C502EE6E4}.Debug|Any CPU.ActiveCfg = Debug|Any CPU
		{F7544CA2-2B4E-4B2D-9670-E14C502EE6E4}.Debug|Any CPU.Build.0 = Debug|Any CPU
		{F7544CA2-2B4E-4B2D-9670-E14C502EE6E4}.Debug|Mixed Platforms.ActiveCfg = Debug|Any CPU
		{F7544CA2-2B4E-4B2D-9670-E14C502EE6E4}.Debug|Mixed Platforms.Build.0 = Debug|Any CPU
		{F7544CA2-2B4E-4B2D-9670-E14C502EE6E4}.Debug|Pocket PC 2003 (ARMV4).ActiveCfg = Debug|Any CPU
		{F7544CA2-2B4E-4B2D-9670-E14C502EE6E4}.Release|Any CPU.ActiveCfg = Release|Any CPU
		{F7544CA2-2B4E-4B2D-9670-E14C502EE6E4}.Release|Any CPU.Build.0 = Release|Any CPU
		{F7544CA2-2B4E-4B2D-9670-E14C502EE6E4}.Release|Mixed Platforms.ActiveCfg = Release|Any CPU
		{F7544CA2-2B4E-4B2D-9670-E14C502EE6E4}.Release|Mixed Platforms.Build.0 = Release|Any CPU
		{F7544CA2-2B4E-4B2D-9670-E14C502EE6E4}.Release|Pocket PC 2003 (ARMV4).ActiveCfg = Release|Any CPU
		{EA4B5FB0-9127-4CA9-A810-E2292561633B}.Debug|Any CPU.ActiveCfg = Debug|Any CPU
		{EA4B5FB0-9127-4CA9-A810-E2292561633B}.Debug|Any CPU.Build.0 = Debug|Any CPU
		{EA4B5FB0-9127-4CA9-A810-E2292561633B}.Debug|Mixed Platforms.ActiveCfg = Debug|Any CPU
		{EA4B5FB0-9127-4CA9-A810-E2292561633B}.Debug|Mixed Platforms.Build.0 = Debug|Any CPU
		{EA4B5FB0-9127-4CA9-A810-E2292561633B}.Debug|Pocket PC 2003 (ARMV4).ActiveCfg = Debug|Any CPU
		{EA4B5FB0-9127-4CA9-A810-E2292561633B}.Release|Any CPU.ActiveCfg = Release|Any CPU
		{EA4B5FB0-9127-4CA9-A810-E2292561633B}.Release|Any CPU.Build.0 = Release|Any CPU
		{EA4B5FB0-9127-4CA9-A810-E2292561633B}.Release|Mixed Platforms.ActiveCfg = Release|Any CPU
		{EA4B5FB0-9127-4CA9-A810-E2292561633B}.Release|Mixed Platforms.Build.0 = Release|Any CPU
		{EA4B5FB0-9127-4CA9-A810-E2292561633B}.Release|Pocket PC 2003 (ARMV4).ActiveCfg = Release|Any CPU
	EndGlobalSection
	GlobalSection(SolutionProperties) = preSolution
		HideSolutionNode = FALSE
	EndGlobalSection
EndGlobal
